
Microsoft Visual Studio Solution File, Format Version 11.00
# Visual Studio 2010
Project("{002A2DE9-8BB6-484D-9802-7E4AD4084715}") = "hello", "hello.visualdproj", "{E094FB21-6C60-418A-9D9F-329A6680AA62}"
	ProjectSection(ProjectDependencies) = postProject
		{76D6D594-A518-4587-8C73-2CA191AD6886} = {76D6D594-A518-4587-8C73-2CA191AD6886}
	EndProjectSection
EndProject
Project("{002A2DE9-8BB6-484D-9802-7E4AD4084715}") = "phonebook", "phonebook.visualdproj", "{398E951F-4212-4D4B-9545-F76AC1D8EEC9}"
	ProjectSection(ProjectDependencies) = postProject
		{76D6D594-A518-4587-8C73-2CA191AD6886} = {76D6D594-A518-4587-8C73-2CA191AD6886}
	EndProjectSection
EndProject
Project("{002A2DE9-8BB6-484D-9802-7E4AD4084715}") = "precompiled", "precompiled.visualdproj", "{C9061568-1441-4D8C-8011-6EBCCC2B64D4}"
	ProjectSection(ProjectDependencies) = postProject
		{76D6D594-A518-4587-8C73-2CA191AD6886} = {76D6D594-A518-4587-8C73-2CA191AD6886}
	EndProjectSection
EndProject
Project("{002A2DE9-8BB6-484D-9802-7E4AD4084715}") = "dmodule", "dmodule.visualdproj", "{4F896B33-4023-4E22-8EEE-68617FF5676D}"
	ProjectSection(ProjectDependencies) = postProject
		{76D6D594-A518-4587-8C73-2CA191AD6886} = {76D6D594-A518-4587-8C73-2CA191AD6886}
	EndProjectSection
EndProject
Project("{002A2DE9-8BB6-484D-9802-7E4AD4084715}") = "LuaD", "..\LuaD.visualdproj", "{76D6D594-A518-4587-8C73-2CA191AD6886}"
EndProject
Global
	GlobalSection(SolutionConfigurationPlatforms) = preSolution
		Debug|Win32 = Debug|Win32
		Release|Win32 = Release|Win32
		Unittest|Win32 = Unittest|Win32
	EndGlobalSection
	GlobalSection(ProjectConfigurationPlatforms) = postSolution
		{E094FB21-6C60-418A-9D9F-329A6680AA62}.Debug|Win32.ActiveCfg = Debug|Win32
		{E094FB21-6C60-418A-9D9F-329A6680AA62}.Debug|Win32.Build.0 = Debug|Win32
		{E094FB21-6C60-418A-9D9F-329A6680AA62}.Release|Win32.ActiveCfg = Release|Win32
		{E094FB21-6C60-418A-9D9F-329A6680AA62}.Release|Win32.Build.0 = Release|Win32
		{E094FB21-6C60-418A-9D9F-329A6680AA62}.Unittest|Win32.ActiveCfg = Release|Win32
		{E094FB21-6C60-418A-9D9F-329A6680AA62}.Unittest|Win32.Build.0 = Release|Win32
		{398E951F-4212-4D4B-9545-F76AC1D8EEC9}.Debug|Win32.ActiveCfg = Debug|Win32
		{398E951F-4212-4D4B-9545-F76AC1D8EEC9}.Debug|Win32.Build.0 = Debug|Win32
		{398E951F-4212-4D4B-9545-F76AC1D8EEC9}.Release|Win32.ActiveCfg = Release|Win32
		{398E951F-4212-4D4B-9545-F76AC1D8EEC9}.Release|Win32.Build.0 = Release|Win32
		{398E951F-4212-4D4B-9545-F76AC1D8EEC9}.Unittest|Win32.ActiveCfg = Release|Win32
		{398E951F-4212-4D4B-9545-F76AC1D8EEC9}.Unittest|Win32.Build.0 = Release|Win32
		{C9061568-1441-4D8C-8011-6EBCCC2B64D4}.Debug|Win32.ActiveCfg = Debug|Win32
		{C9061568-1441-4D8C-8011-6EBCCC2B64D4}.Debug|Win32.Build.0 = Debug|Win32
		{C9061568-1441-4D8C-8011-6EBCCC2B64D4}.Release|Win32.ActiveCfg = Release|Win32
		{C9061568-1441-4D8C-8011-6EBCCC2B64D4}.Release|Win32.Build.0 = Release|Win32
		{C9061568-1441-4D8C-8011-6EBCCC2B64D4}.Unittest|Win32.ActiveCfg = Release|Win32
		{C9061568-1441-4D8C-8011-6EBCCC2B64D4}.Unittest|Win32.Build.0 = Release|Win32
		{4F896B33-4023-4E22-8EEE-68617FF5676D}.Debug|Win32.ActiveCfg = Debug|Win32
		{4F896B33-4023-4E22-8EEE-68617FF5676D}.Debug|Win32.Build.0 = Debug|Win32
		{4F896B33-4023-4E22-8EEE-68617FF5676D}.Release|Win32.ActiveCfg = Release|Win32
		{4F896B33-4023-4E22-8EEE-68617FF5676D}.Release|Win32.Build.0 = Release|Win32
		{4F896B33-4023-4E22-8EEE-68617FF5676D}.Unittest|Win32.ActiveCfg = Release|Win32
		{4F896B33-4023-4E22-8EEE-68617FF5676D}.Unittest|Win32.Build.0 = Release|Win32
		{76D6D594-A518-4587-8C73-2CA191AD6886}.Debug|Win32.ActiveCfg = Debug|Win32
		{76D6D594-A518-4587-8C73-2CA191AD6886}.Debug|Win32.Build.0 = Debug|Win32
		{76D6D594-A518-4587-8C73-2CA191AD6886}.Release|Win32.ActiveCfg = Release|Win32
		{76D6D594-A518-4587-8C73-2CA191AD6886}.Release|Win32.Build.0 = Release|Win32
		{76D6D594-A518-4587-8C73-2CA191AD6886}.Unittest|Win32.ActiveCfg = Unittest|Win32
		{76D6D594-A518-4587-8C73-2CA191AD6886}.Unittest|Win32.Build.0 = Unittest|Win32
	EndGlobalSection
	GlobalSection(SolutionProperties) = preSolution
		HideSolutionNode = FALSE
	EndGlobalSection
EndGlobal
